// !$*UTF8*$!
{
	archiveVersion = 1;
	classes = {
	};
	objectVersion = 51;
	objects = {

/* Begin PBXBuildFile section */
		18186EA5246BA0CF00F5F546 /* LoginViewController.swift in Sources */ = {isa = PBXBuildFile; fileRef = 18186EA4246BA0CF00F5F546 /* LoginViewController.swift */; };
		18186EA7246BA0E000F5F546 /* FeedViewController.swift in Sources */ = {isa = PBXBuildFile; fileRef = 18186EA6246BA0E000F5F546 /* FeedViewController.swift */; };
		18186EA9246BC34400F5F546 /* CameraViewController.swift in Sources */ = {isa = PBXBuildFile; fileRef = 18186EA8246BC34400F5F546 /* CameraViewController.swift */; };
		18186EAD246BCE1200F5F546 /* PostCell.swift in Sources */ = {isa = PBXBuildFile; fileRef = 18186EAC246BCE1200F5F546 /* PostCell.swift */; };
		185395C8246B6C8F00D79C40 /* AppDelegate.swift in Sources */ = {isa = PBXBuildFile; fileRef = 185395C7246B6C8F00D79C40 /* AppDelegate.swift */; };
		185395CA246B6C8F00D79C40 /* SceneDelegate.swift in Sources */ = {isa = PBXBuildFile; fileRef = 185395C9246B6C8F00D79C40 /* SceneDelegate.swift */; };
		185395CF246B6C8F00D79C40 /* Main.storyboard in Resources */ = {isa = PBXBuildFile; fileRef = 185395CD246B6C8F00D79C40 /* Main.storyboard */; };
		185395D1246B6C9600D79C40 /* Assets.xcassets in Resources */ = {isa = PBXBuildFile; fileRef = 185395D0246B6C9600D79C40 /* Assets.xcassets */; };
		185395D4246B6C9600D79C40 /* LaunchScreen.storyboard in Resources */ = {isa = PBXBuildFile; fileRef = 185395D2246B6C9600D79C40 /* LaunchScreen.storyboard */; };
		C9AE0ABD907F53A40DB13230 /* Pods_Parstagram.framework in Frameworks */ = {isa = PBXBuildFile; fileRef = 3757FE195E7B7CCE6E078C1A /* Pods_Parstagram.framework */; };
/* End PBXBuildFile section */

/* Begin PBXFileReference section */
		12125FBD0A101CAF09ECE837 /* Pods-Parstagram.release.xcconfig */ = {isa = PBXFileReference; includeInIndex = 1; lastKnownFileType = text.xcconfig; name = "Pods-Parstagram.release.xcconfig"; path = "Target Support Files/Pods-Parstagram/Pods-Parstagram.release.xcconfig"; sourceTree = "<group>"; };
		18186EA4246BA0CF00F5F546 /* LoginViewController.swift */ = {isa = PBXFileReference; lastKnownFileType = sourcecode.swift; path = LoginViewController.swift; sourceTree = "<group>"; };
		18186EA6246BA0E000F5F546 /* FeedViewController.swift */ = {isa = PBXFileReference; lastKnownFileType = sourcecode.swift; path = FeedViewController.swift; sourceTree = "<group>"; };
		18186EA8246BC34400F5F546 /* CameraViewController.swift */ = {isa = PBXFileReference; lastKnownFileType = sourcecode.swift; path = CameraViewController.swift; sourceTree = "<group>"; };
		18186EAC246BCE1200F5F546 /* PostCell.swift */ = {isa = PBXFileReference; lastKnownFileType = sourcecode.swift; path = PostCell.swift; sourceTree = "<group>"; };
		185395C4246B6C8F00D79C40 /* Parstagram.app */ = {isa = PBXFileReference; explicitFileType = wrapper.application; includeInIndex = 0; path = Parstagram.app; sourceTree = BUILT_PRODUCTS_DIR; };
		185395C7246B6C8F00D79C40 /* AppDelegate.swift */ = {isa = PBXFileReference; lastKnownFileType = sourcecode.swift; path = AppDelegate.swift; sourceTree = "<group>"; };
		185395C9246B6C8F00D79C40 /* SceneDelegate.swift */ = {isa = PBXFileReference; lastKnownFileType = sourcecode.swift; path = SceneDelegate.swift; sourceTree = "<group>"; };
		185395CE246B6C8F00D79C40 /* Base */ = {isa = PBXFileReference; lastKnownFileType = file.storyboard; name = Base; path = Base.lproj/Main.storyboard; sourceTree = "<group>"; };
		185395D0246B6C9600D79C40 /* Assets.xcassets */ = {isa = PBXFileReference; lastKnownFileType = folder.assetcatalog; path = Assets.xcassets; sourceTree = "<group>"; };
		185395D3246B6C9600D79C40 /* Base */ = {isa = PBXFileReference; lastKnownFileType = file.storyboard; name = Base; path = Base.lproj/LaunchScreen.storyboard; sourceTree = "<group>"; };
		185395D5246B6C9600D79C40 /* Info.plist */ = {isa = PBXFileReference; lastKnownFileType = text.plist.xml; path = Info.plist; sourceTree = "<group>"; };
		3757FE195E7B7CCE6E078C1A /* Pods_Parstagram.framework */ = {isa = PBXFileReference; explicitFileType = wrapper.framework; includeInIndex = 0; path = Pods_Parstagram.framework; sourceTree = BUILT_PRODUCTS_DIR; };
		B31CDBA6AF2E9313BF44AF72 /* Pods-Parstagram.debug.xcconfig */ = {isa = PBXFileReference; includeInIndex = 1; lastKnownFileType = text.xcconfig; name = "Pods-Parstagram.debug.xcconfig"; path = "Target Support Files/Pods-Parstagram/Pods-Parstagram.debug.xcconfig"; sourceTree = "<group>"; };
/* End PBXFileReference section */

/* Begin PBXFrameworksBuildPhase section */
		185395C1246B6C8F00D79C40 /* Frameworks */ = {
			isa = PBXFrameworksBuildPhase;
			buildActionMask = 2147483647;
			files = (
				C9AE0ABD907F53A40DB13230 /* Pods_Parstagram.framework in Frameworks */,
			);
			runOnlyForDeploymentPostprocessing = 0;
		};
/* End PBXFrameworksBuildPhase section */

/* Begin PBXGroup section */
		18186EA2246B6ED600F5F546 /* Storyboards */ = {
			isa = PBXGroup;
			children = (
				185395CD246B6C8F00D79C40 /* Main.storyboard */,
				185395D2246B6C9600D79C40 /* LaunchScreen.storyboard */,
			);
			path = Storyboards;
			sourceTree = "<group>";
		};
		18186EA3246B854C00F5F546 /* ViewControllers */ = {
			isa = PBXGroup;
			children = (
				18186EA4246BA0CF00F5F546 /* LoginViewController.swift */,
				18186EA6246BA0E000F5F546 /* FeedViewController.swift */,
				18186EA8246BC34400F5F546 /* CameraViewController.swift */,
			);
			path = ViewControllers;
			sourceTree = "<group>";
		};
		185395BB246B6C8F00D79C40 = {
			isa = PBXGroup;
			children = (
				185395C6246B6C8F00D79C40 /* Parstagram */,
				185395C5246B6C8F00D79C40 /* Products */,
				C2F2537A77FC7064889D784F /* Pods */,
				8478FBE1D501E64E97381363 /* Frameworks */,
			);
			sourceTree = "<group>";
		};
		185395C5246B6C8F00D79C40 /* Products */ = {
			isa = PBXGroup;
			children = (
				185395C4246B6C8F00D79C40 /* Parstagram.app */,
			);
			name = Products;
			sourceTree = "<group>";
		};
		185395C6246B6C8F00D79C40 /* Parstagram */ = {
			isa = PBXGroup;
			children = (
				185395D5246B6C9600D79C40 /* Info.plist */,
				185395D0246B6C9600D79C40 /* Assets.xcassets */,
				185395C7246B6C8F00D79C40 /* AppDelegate.swift */,
				185395C9246B6C8F00D79C40 /* SceneDelegate.swift */,
				18186EA3246B854C00F5F546 /* ViewControllers */,
				18186EA2246B6ED600F5F546 /* Storyboards */,
				18186EAC246BCE1200F5F546 /* PostCell.swift */,
			);
			path = Parstagram;
			sourceTree = "<group>";
		};
		8478FBE1D501E64E97381363 /* Frameworks */ = {
			isa = PBXGroup;
			children = (
				3757FE195E7B7CCE6E078C1A /* Pods_Parstagram.framework */,
			);
			name = Frameworks;
			sourceTree = "<group>";
		};
		C2F2537A77FC7064889D784F /* Pods */ = {
			isa = PBXGroup;
			children = (
				B31CDBA6AF2E9313BF44AF72 /* Pods-Parstagram.debug.xcconfig */,
				12125FBD0A101CAF09ECE837 /* Pods-Parstagram.release.xcconfig */,
			);
			path = Pods;
			sourceTree = "<group>";
		};
/* End PBXGroup section */

/* Begin PBXNativeTarget section */
		185395C3246B6C8F00D79C40 /* Parstagram */ = {
			isa = PBXNativeTarget;
			buildConfigurationList = 185395D8246B6C9600D79C40 /* Build configuration list for PBXNativeTarget "Parstagram" */;
			buildPhases = (
				C82D3D1A1CA8FF6BFCC87C8E /* [CP] Check Pods Manifest.lock */,
				185395C0246B6C8F00D79C40 /* Sources */,
				185395C1246B6C8F00D79C40 /* Frameworks */,
				185395C2246B6C8F00D79C40 /* Resources */,
				68CBAB8B1634C3F6E9E19AFF /* [CP] Embed Pods Frameworks */,
			);
			buildRules = (
			);
			dependencies = (
			);
			name = Parstagram;
			productName = Parstagram;
			productReference = 185395C4246B6C8F00D79C40 /* Parstagram.app */;
			productType = "com.apple.product-type.application";
		};
/* End PBXNativeTarget section */

/* Begin PBXProject section */
		185395BC246B6C8F00D79C40 /* Project object */ = {
			isa = PBXProject;
			attributes = {
				LastSwiftUpdateCheck = 1130;
				LastUpgradeCheck = 1130;
				ORGANIZATIONNAME = apple;
				TargetAttributes = {
					185395C3246B6C8F00D79C40 = {
						CreatedOnToolsVersion = 11.3.1;
					};
				};
			};
			buildConfigurationList = 185395BF246B6C8F00D79C40 /* Build configuration list for PBXProject "Parstagram" */;
			compatibilityVersion = "Xcode 9.3";
			developmentRegion = en;
			hasScannedForEncodings = 0;
			knownRegions = (
				en,
				Base,
			);
			mainGroup = 185395BB246B6C8F00D79C40;
			productRefGroup = 185395C5246B6C8F00D79C40 /* Products */;
			projectDirPath = "";
			projectRoot = "";
			targets = (
				185395C3246B6C8F00D79C40 /* Parstagram */,
			);
		};
/* End PBXProject section */

/* Begin PBXResourcesBuildPhase section */
		185395C2246B6C8F00D79C40 /* Resources */ = {
			isa = PBXResourcesBuildPhase;
			buildActionMask = 2147483647;
			files = (
				185395D4246B6C9600D79C40 /* LaunchScreen.storyboard in Resources */,
				185395D1246B6C9600D79C40 /* Assets.xcassets in Resources */,
				185395CF246B6C8F00D79C40 /* Main.storyboard in Resources */,
			);
			runOnlyForDeploymentPostprocessing = 0;
		};
/* End PBXResourcesBuildPhase section */

/* Begin PBXShellScriptBuildPhase section */
		68CBAB8B1634C3F6E9E19AFF /* [CP] Embed Pods Frameworks */ = {
			isa = PBXShellScriptBuildPhase;
			buildActionMask = 2147483647;
			files = (
			);
			inputFileListPaths = (
				"${PODS_ROOT}/Target Support Files/Pods-Parstagram/Pods-Parstagram-frameworks-${CONFIGURATION}-input-files.xcfilelist",
			);
			name = "[CP] Embed Pods Frameworks";
			outputFileListPaths = (
				"${PODS_ROOT}/Target Support Files/Pods-Parstagram/Pods-Parstagram-frameworks-${CONFIGURATION}-output-files.xcfilelist",
			);
			runOnlyForDeploymentPostprocessing = 0;
			shellPath = /bin/sh;
			shellScript = "\"${PODS_ROOT}/Target Support Files/Pods-Parstagram/Pods-Parstagram-frameworks.sh\"\n";
			showEnvVarsInLog = 0;
		};
		C82D3D1A1CA8FF6BFCC87C8E /* [CP] Check Pods Manifest.lock */ = {
			isa = PBXShellScriptBuildPhase;
			buildActionMask = 2147483647;
			files = (
			);
			inputFileListPaths = (
			);
			inputPaths = (
				"${PODS_PODFILE_DIR_PATH}/Podfile.lock",
				"${PODS_ROOT}/Manifest.lock",
			);
			name = "[CP] Check Pods Manifest.lock";
			outputFileListPaths = (
			);
			outputPaths = (
				"$(DERIVED_FILE_DIR)/Pods-Parstagram-checkManifestLockResult.txt",
			);
			runOnlyForDeploymentPostprocessing = 0;
			shellPath = /bin/sh;
			shellScript = "diff \"${PODS_PODFILE_DIR_PATH}/Podfile.lock\" \"${PODS_ROOT}/Manifest.lock\" > /dev/null\nif [ $? != 0 ] ; then\n    # print error to STDERR\n    echo \"error: The sandbox is not in sync with the Podfile.lock. Run 'pod install' or update your CocoaPods installation.\" >&2\n    exit 1\nfi\n# This output is used by Xcode 'outputs' to avoid re-running this script phase.\necho \"SUCCESS\" > \"${SCRIPT_OUTPUT_FILE_0}\"\n";
			showEnvVarsInLog = 0;
		};
/* End PBXShellScriptBuildPhase section */

/* Begin PBXSourcesBuildPhase section */
		185395C0246B6C8F00D79C40 /* Sources */ = {
			isa = PBXSourcesBuildPhase;
			buildActionMask = 2147483647;
			files = (
				18186EA5246BA0CF00F5F546 /* LoginViewController.swift in Sources */,
				18186EA9246BC34400F5F546 /* CameraViewController.swift in Sources */,
				185395C8246B6C8F00D79C40 /* AppDelegate.swift in Sources */,
				18186EA7246BA0E000F5F546 /* FeedViewController.swift in Sources */,
				185395CA246B6C8F00D79C40 /* SceneDelegate.swift in Sources */,
				18186EAD246BCE1200F5F546 /* PostCell.swift in Sources */,
			);
			runOnlyForDeploymentPostprocessing = 0;
		};
/* End PBXSourcesBuildPhase section */

/* Begin PBXVariantGroup section */
		185395CD246B6C8F00D79C40 /* Main.storyboard */ = {
			isa = PBXVariantGroup;
			children = (
				185395CE246B6C8F00D79C40 /* Base */,
			);
			name = Main.storyboard;
			sourceTree = "<group>";
		};
		185395D2246B6C9600D79C40 /* LaunchScreen.storyboard */ = {
			isa = PBXVariantGroup;
			children = (
				185395D3246B6C9600D79C40 /* Base */,
			);
			name = LaunchScreen.storyboard;
			sourceTree = "<group>";
		};
/* End PBXVariantGroup section */

/* Begin XCBuildConfiguration section */
		185395D6246B6C9600D79C40 /* Debug */ = {
			isa = XCBuildConfiguration;
			buildSettings = {
				ALWAYS_SEARCH_USER_PATHS = NO;
				CLANG_ANALYZER_NONNULL = YES;
				CLANG_ANALYZER_NUMBER_OBJECT_CONVERSION = YES_AGGRESSIVE;
				CLANG_CXX_LANGUAGE_STANDARD = "gnu++14";
				CLANG_CXX_LIBRARY = "libc++";
				CLANG_ENABLE_MODULES = YES;
				CLANG_ENABLE_OBJC_ARC = YES;
				CLANG_ENABLE_OBJC_WEAK = YES;
				CLANG_WARN_BLOCK_CAPTURE_AUTORELEASING = YES;
				CLANG_WARN_BOOL_CONVERSION = YES;
				CLANG_WARN_COMMA = YES;
				CLANG_WARN_CONSTANT_CONVERSION = YES;
				CLANG_WARN_DEPRECATED_OBJC_IMPLEMENTATIONS = YES;
				CLANG_WARN_DIRECT_OBJC_ISA_USAGE = YES_ERROR;
				CLANG_WARN_DOCUMENTATION_COMMENTS = YES;
				CLANG_WARN_EMPTY_BODY = YES;
				CLANG_WARN_ENUM_CONVERSION = YES;
				CLANG_WARN_INFINITE_RECURSION = YES;
				CLANG_WARN_INT_CONVERSION = YES;
				CLANG_WARN_NON_LITERAL_NULL_CONVERSION = YES;
				CLANG_WARN_OBJC_IMPLICIT_RETAIN_SELF = YES;
				CLANG_WARN_OBJC_LITERAL_CONVERSION = YES;
				CLANG_WARN_OBJC_ROOT_CLASS = YES_ERROR;
				CLANG_WARN_RANGE_LOOP_ANALYSIS = YES;
				CLANG_WARN_STRICT_PROTOTYPES = YES;
				CLANG_WARN_SUSPICIOUS_MOVE = YES;
				CLANG_WARN_UNGUARDED_AVAILABILITY = YES_AGGRESSIVE;
				CLANG_WARN_UNREACHABLE_CODE = YES;
				CLANG_WARN__DUPLICATE_METHOD_MATCH = YES;
				COPY_PHASE_STRIP = NO;
				DEBUG_INFORMATION_FORMAT = dwarf;
				ENABLE_STRICT_OBJC_MSGSEND = YES;
				ENABLE_TESTABILITY = YES;
				GCC_C_LANGUAGE_STANDARD = gnu11;
				GCC_DYNAMIC_NO_PIC = NO;
				GCC_NO_COMMON_BLOCKS = YES;
				GCC_OPTIMIZATION_LEVEL = 0;
				GCC_PREPROCESSOR_DEFINITIONS = (
					"DEBUG=1",
					"$(inherited)",
				);
				GCC_WARN_64_TO_32_BIT_CONVERSION = YES;
				GCC_WARN_ABOUT_RETURN_TYPE = YES_ERROR;
				GCC_WARN_UNDECLARED_SELECTOR = YES;
				GCC_WARN_UNINITIALIZED_AUTOS = YES_AGGRESSIVE;
				GCC_WARN_UNUSED_FUNCTION = YES;
				GCC_WARN_UNUSED_VARIABLE = YES;
				IPHONEOS_DEPLOYMENT_TARGET = 13.2;
				MTL_ENABLE_DEBUG_INFO = INCLUDE_SOURCE;
				MTL_FAST_MATH = YES;
				ONLY_ACTIVE_ARCH = YES;
				SDKROOT = iphoneos;
				SWIFT_ACTIVE_COMPILATION_CONDITIONS = DEBUG;
				SWIFT_OPTIMIZATION_LEVEL = "-Onone";
			};
			name = Debug;
		};
		185395D7246B6C9600D79C40 /* Release */ = {
			isa = XCBuildConfiguration;
			buildSettings = {
				ALWAYS_SEARCH_USER_PATHS = NO;
				CLANG_ANALYZER_NONNULL = YES;
				CLANG_ANALYZER_NUMBER_OBJECT_CONVERSION = YES_AGGRESSIVE;
				CLANG_CXX_LANGUAGE_STANDARD = "gnu++14";
				CLANG_CXX_LIBRARY = "libc++";
				CLANG_ENABLE_MODULES = YES;
				CLANG_ENABLE_OBJC_ARC = YES;
				CLANG_ENABLE_OBJC_WEAK = YES;
				CLANG_WARN_BLOCK_CAPTURE_AUTORELEASING = YES;
				CLANG_WARN_BOOL_CONVERSION = YES;
				CLANG_WARN_COMMA = YES;
				CLANG_WARN_CONSTANT_CONVERSION = YES;
				CLANG_WARN_DEPRECATED_OBJC_IMPLEMENTATIONS = YES;
				CLANG_WARN_DIRECT_OBJC_ISA_USAGE = YES_ERROR;
				CLANG_WARN_DOCUMENTATION_COMMENTS = YES;
				CLANG_WARN_EMPTY_BODY = YES;
				CLANG_WARN_ENUM_CONVERSION = YES;
				CLANG_WARN_INFINITE_RECURSION = YES;
				CLANG_WARN_INT_CONVERSION = YES;
				CLANG_WARN_NON_LITERAL_NULL_CONVERSION = YES;
				CLANG_WARN_OBJC_IMPLICIT_RETAIN_SELF = YES;
				CLANG_WARN_OBJC_LITERAL_CONVERSION = YES;
				CLANG_WARN_OBJC_ROOT_CLASS = YES_ERROR;
				CLANG_WARN_RANGE_LOOP_ANALYSIS = YES;
				CLANG_WARN_STRICT_PROTOTYPES = YES;
				CLANG_WARN_SUSPICIOUS_MOVE = YES;
				CLANG_WARN_UNGUARDED_AVAILABILITY = YES_AGGRESSIVE;
				CLANG_WARN_UNREACHABLE_CODE = YES;
				CLANG_WARN__DUPLICATE_METHOD_MATCH = YES;
				COPY_PHASE_STRIP = NO;
				DEBUG_INFORMATION_FORMAT = "dwarf-with-dsym";
				ENABLE_NS_ASSERTIONS = NO;
				ENABLE_STRICT_OBJC_MSGSEND = YES;
				GCC_C_LANGUAGE_STANDARD = gnu11;
				GCC_NO_COMMON_BLOCKS = YES;
				GCC_WARN_64_TO_32_BIT_CONVERSION = YES;
				GCC_WARN_ABOUT_RETURN_TYPE = YES_ERROR;
				GCC_WARN_UNDECLARED_SELECTOR = YES;
				GCC_WARN_UNINITIALIZED_AUTOS = YES_AGGRESSIVE;
				GCC_WARN_UNUSED_FUNCTION = YES;
				GCC_WARN_UNUSED_VARIABLE = YES;
				IPHONEOS_DEPLOYMENT_TARGET = 13.2;
				MTL_ENABLE_DEBUG_INFO = NO;
				MTL_FAST_MATH = YES;
				SDKROOT = iphoneos;
				SWIFT_COMPILATION_MODE = wholemodule;
				SWIFT_OPTIMIZATION_LEVEL = "-O";
				VALIDATE_PRODUCT = YES;
			};
			name = Release;
		};
		185395D9246B6C9600D79C40 /* Debug */ = {
			isa = XCBuildConfiguration;
			baseConfigurationReference = B31CDBA6AF2E9313BF44AF72 /* Pods-Parstagram.debug.xcconfig */;
			buildSettings = {
				ASSETCATALOG_COMPILER_APPICON_NAME = AppIcon;
				CODE_SIGN_STYLE = Automatic;
				DEVELOPMENT_TEAM = N3QX6PPDV7;
				INFOPLIST_FILE = Parstagram/Info.plist;
				LD_RUNPATH_SEARCH_PATHS = (
					"$(inherited)",
					"@executable_path/Frameworks",
				);
				PRODUCT_BUNDLE_IDENTIFIER = com.apple.Parstagram;
				PRODUCT_NAME = "$(TARGET_NAME)";
				SWIFT_VERSION = 5.0;
				TARGETED_DEVICE_FAMILY = "1,2";
			};
			name = Debug;
		};
		185395DA246B6C9600D79C40 /* Release */ = {
			isa = XCBuildConfiguration;
			baseConfigurationReference = 12125FBD0A101CAF09ECE837 /* Pods-Parstagram.release.xcconfig */;
			buildSettings = {
				ASSETCATALOG_COMPILER_APPICON_NAME = AppIcon;
				CODE_SIGN_STYLE = Automatic;
				DEVELOPMENT_TEAM = N3QX6PPDV7;
				INFOPLIST_FILE = Parstagram/Info.plist;
				LD_RUNPATH_SEARCH_PATHS = (
					"$(inherited)",
					"@executable_path/Frameworks",
				);
				PRODUCT_BUNDLE_IDENTIFIER = com.apple.Parstagram;
				PRODUCT_NAME = "$(TARGET_NAME)";
				SWIFT_VERSION = 5.0;
				TARGETED_DEVICE_FAMILY = "1,2";
			};
			name = Release;
		};
/* End XCBuildConfiguration section */

/* Begin XCConfigurationList section */
		185395BF246B6C8F00D79C40 /* Build configuration list for PBXProject "Parstagram" */ = {
			isa = XCConfigurationList;
			buildConfigurations = (
				185395D6246B6C9600D79C40 /* Debug */,
				185395D7246B6C9600D79C40 /* Release */,
			);
			defaultConfigurationIsVisible = 0;
			defaultConfigurationName = Release;
		};
		185395D8246B6C9600D79C40 /* Build configuration list for PBXNativeTarget "Parstagram" */ = {
			isa = XCConfigurationList;
			buildConfigurations = (
				185395D9246B6C9600D79C40 /* Debug */,
				185395DA246B6C9600D79C40 /* Release */,
			);
			defaultConfigurationIsVisible = 0;
			defaultConfigurationName = Release;
		};
/* End XCConfigurationList section */
	};
	rootObject = 185395BC246B6C8F00D79C40 /* Project object */;
}
